
Microsoft Visual Studio Solution File, Format Version 12.00
Project("{FAE04EC0-301F-11D3-BF4B-00C04F79EFBC}") = "LAB8_AiSD2", "LAB8_AiSD2\LAB8_AiSD2.csproj", "{84745FE6-0A87-45BF-B97A-4787C7F7BB4F}"
EndProject
Global
	GlobalSection(SolutionConfigurationPlatforms) = preSolution
		Debug|Any CPU = Debug|Any CPU
		Release|Any CPU = Release|Any CPU
	EndGlobalSection
	GlobalSection(ProjectConfigurationPlatforms) = postSolution
		{84745FE6-0A87-45BF-B97A-4787C7F7BB4F}.Debug|Any CPU.ActiveCfg = Debug|Any CPU
		{84745FE6-0A87-45BF-B97A-4787C7F7BB4F}.Debug|Any CPU.Build.0 = Debug|Any CPU
		{84745FE6-0A87-45BF-B97A-4787C7F7BB4F}.Release|Any CPU.ActiveCfg = Release|Any CPU
		{84745FE6-0A87-45BF-B97A-4787C7F7BB4F}.Release|Any CPU.Build.0 = Release|Any CPU
	EndGlobalSection
EndGlobal
